// !$*UTF8*$!
{
	archiveVersion = 1;
	classes = {
	};
	objectVersion = 56;
	objects = {

/* Begin PBXBuildFile section */
		A500747B28B7BEE800EAB3A8 /* TabbedInterfaceApp.swift in Sources */ = {isa = PBXBuildFile; fileRef = A500747A28B7BEE800EAB3A8 /* TabbedInterfaceApp.swift */; };
		A500747D28B7BEE800EAB3A8 /* ContentView.swift in Sources */ = {isa = PBXBuildFile; fileRef = A500747C28B7BEE800EAB3A8 /* ContentView.swift */; };
		A500747F28B7BEE900EAB3A8 /* Assets.xcassets in Resources */ = {isa = PBXBuildFile; fileRef = A500747E28B7BEE900EAB3A8 /* Assets.xcassets */; };
		A500748228B7BEE900EAB3A8 /* Preview Assets.xcassets in Resources */ = {isa = PBXBuildFile; fileRef = A500748128B7BEE900EAB3A8 /* Preview Assets.xcassets */; };
		A500748B28B7C0C100EAB3A8 /* HomeView.swift in Sources */ = {isa = PBXBuildFile; fileRef = A500748A28B7C0C100EAB3A8 /* HomeView.swift */; };
		A500748D28B7C12B00EAB3A8 /* StoryView.swift in Sources */ = {isa = PBXBuildFile; fileRef = A500748C28B7C12B00EAB3A8 /* StoryView.swift */; };
		A500748F28B7C2E600EAB3A8 /* Data.swift in Sources */ = {isa = PBXBuildFile; fileRef = A500748E28B7C2E600EAB3A8 /* Data.swift */; };
		A500749128B7C41C00EAB3A8 /* FavoritesView.swift in Sources */ = {isa = PBXBuildFile; fileRef = A500749028B7C41C00EAB3A8 /* FavoritesView.swift */; };
		A500749328B7C62F00EAB3A8 /* FunFactsView.swift in Sources */ = {isa = PBXBuildFile; fileRef = A500749228B7C62F00EAB3A8 /* FunFactsView.swift */; };
/* End PBXBuildFile section */

/* Begin PBXFileReference section */
		A500747728B7BEE800EAB3A8 /* TabbedInterface.app */ = {isa = PBXFileReference; explicitFileType = wrapper.application; includeInIndex = 0; path = TabbedInterface.app; sourceTree = BUILT_PRODUCTS_DIR; };
		A500747A28B7BEE800EAB3A8 /* TabbedInterfaceApp.swift */ = {isa = PBXFileReference; lastKnownFileType = sourcecode.swift; path = TabbedInterfaceApp.swift; sourceTree = "<group>"; };
		A500747C28B7BEE800EAB3A8 /* ContentView.swift */ = {isa = PBXFileReference; lastKnownFileType = sourcecode.swift; path = ContentView.swift; sourceTree = "<group>"; };
		A500747E28B7BEE900EAB3A8 /* Assets.xcassets */ = {isa = PBXFileReference; lastKnownFileType = folder.assetcatalog; path = Assets.xcassets; sourceTree = "<group>"; };
		A500748128B7BEE900EAB3A8 /* Preview Assets.xcassets */ = {isa = PBXFileReference; lastKnownFileType = folder.assetcatalog; path = "Preview Assets.xcassets"; sourceTree = "<group>"; };
		A500748A28B7C0C100EAB3A8 /* HomeView.swift */ = {isa = PBXFileReference; lastKnownFileType = sourcecode.swift; path = HomeView.swift; sourceTree = "<group>"; };
		A500748C28B7C12B00EAB3A8 /* StoryView.swift */ = {isa = PBXFileReference; lastKnownFileType = sourcecode.swift; path = StoryView.swift; sourceTree = "<group>"; };
		A500748E28B7C2E600EAB3A8 /* Data.swift */ = {isa = PBXFileReference; lastKnownFileType = sourcecode.swift; path = Data.swift; sourceTree = "<group>"; };
		A500749028B7C41C00EAB3A8 /* FavoritesView.swift */ = {isa = PBXFileReference; lastKnownFileType = sourcecode.swift; path = FavoritesView.swift; sourceTree = "<group>"; };
		A500749228B7C62F00EAB3A8 /* FunFactsView.swift */ = {isa = PBXFileReference; lastKnownFileType = sourcecode.swift; path = FunFactsView.swift; sourceTree = "<group>"; };
/* End PBXFileReference section */

/* Begin PBXFrameworksBuildPhase section */
		A500747428B7BEE800EAB3A8 /* Frameworks */ = {
			isa = PBXFrameworksBuildPhase;
			buildActionMask = 2147483647;
			files = (
			);
			runOnlyForDeploymentPostprocessing = 0;
		};
/* End PBXFrameworksBuildPhase section */

/* Begin PBXGroup section */
		A500746E28B7BEE800EAB3A8 = {
			isa = PBXGroup;
			children = (
				A500747928B7BEE800EAB3A8 /* TabbedInterface */,
				A500747828B7BEE800EAB3A8 /* Products */,
			);
			sourceTree = "<group>";
		};
		A500747828B7BEE800EAB3A8 /* Products */ = {
			isa = PBXGroup;
			children = (
				A500747728B7BEE800EAB3A8 /* TabbedInterface.app */,
			);
			name = Products;
			sourceTree = "<group>";
		};
		A500747928B7BEE800EAB3A8 /* TabbedInterface */ = {
			isa = PBXGroup;
			children = (
				A500747A28B7BEE800EAB3A8 /* TabbedInterfaceApp.swift */,
				A500747C28B7BEE800EAB3A8 /* ContentView.swift */,
				A500748A28B7C0C100EAB3A8 /* HomeView.swift */,
				A500748C28B7C12B00EAB3A8 /* StoryView.swift */,
				A500749028B7C41C00EAB3A8 /* FavoritesView.swift */,
				A500749228B7C62F00EAB3A8 /* FunFactsView.swift */,
				A500748E28B7C2E600EAB3A8 /* Data.swift */,
				A500747E28B7BEE900EAB3A8 /* Assets.xcassets */,
				A500748028B7BEE900EAB3A8 /* Preview Content */,
			);
			path = TabbedInterface;
			sourceTree = "<group>";
		};
		A500748028B7BEE900EAB3A8 /* Preview Content */ = {
			isa = PBXGroup;
			children = (
				A500748128B7BEE900EAB3A8 /* Preview Assets.xcassets */,
			);
			path = "Preview Content";
			sourceTree = "<group>";
		};
/* End PBXGroup section */

/* Begin PBXNativeTarget section */
		A500747628B7BEE800EAB3A8 /* TabbedInterface */ = {
			isa = PBXNativeTarget;
			buildConfigurationList = A500748528B7BEE900EAB3A8 /* Build configuration list for PBXNativeTarget "TabbedInterface" */;
			buildPhases = (
				A500747328B7BEE800EAB3A8 /* Sources */,
				A500747428B7BEE800EAB3A8 /* Frameworks */,
				A500747528B7BEE800EAB3A8 /* Resources */,
			);
			buildRules = (
			);
			dependencies = (
			);
			name = TabbedInterface;
			productName = TabbedInterface;
			productReference = A500747728B7BEE800EAB3A8 /* TabbedInterface.app */;
			productType = "com.apple.product-type.application";
		};
/* End PBXNativeTarget section */

/* Begin PBXProject section */
		A500746F28B7BEE800EAB3A8 /* Project object */ = {
			isa = PBXProject;
			attributes = {
				BuildIndependentTargetsInParallel = 1;
				LastSwiftUpdateCheck = 1400;
				LastUpgradeCheck = 1400;
				TargetAttributes = {
					A500747628B7BEE800EAB3A8 = {
						CreatedOnToolsVersion = 14.0;
					};
				};
			};
			buildConfigurationList = A500747228B7BEE800EAB3A8 /* Build configuration list for PBXProject "TabbedInterface" */;
			compatibilityVersion = "Xcode 14.0";
			developmentRegion = en;
			hasScannedForEncodings = 0;
			knownRegions = (
				en,
				Base,
			);
			mainGroup = A500746E28B7BEE800EAB3A8;
			productRefGroup = A500747828B7BEE800EAB3A8 /* Products */;
			projectDirPath = "";
			projectRoot = "";
			targets = (
				A500747628B7BEE800EAB3A8 /* TabbedInterface */,
			);
		};
/* End PBXProject section */

/* Begin PBXResourcesBuildPhase section */
		A500747528B7BEE800EAB3A8 /* Resources */ = {
			isa = PBXResourcesBuildPhase;
			buildActionMask = 2147483647;
			files = (
				A500748228B7BEE900EAB3A8 /* Preview Assets.xcassets in Resources */,
				A500747F28B7BEE900EAB3A8 /* Assets.xcassets in Resources */,
			);
			runOnlyForDeploymentPostprocessing = 0;
		};
/* End PBXResourcesBuildPhase section */

/* Begin PBXSourcesBuildPhase section */
		A500747328B7BEE800EAB3A8 /* Sources */ = {
			isa = PBXSourcesBuildPhase;
			buildActionMask = 2147483647;
			files = (
				A500748D28B7C12B00EAB3A8 /* StoryView.swift in Sources */,
				A500748F28B7C2E600EAB3A8 /* Data.swift in Sources */,
				A500749128B7C41C00EAB3A8 /* FavoritesView.swift in Sources */,
				A500749328B7C62F00EAB3A8 /* FunFactsView.swift in Sources */,
				A500747D28B7BEE800EAB3A8 /* ContentView.swift in Sources */,
				A500748B28B7C0C100EAB3A8 /* HomeView.swift in Sources */,
				A500747B28B7BEE800EAB3A8 /* TabbedInterfaceApp.swift in Sources */,
			);
			runOnlyForDeploymentPostprocessing = 0;
		};
/* End PBXSourcesBuildPhase section */

/* Begin XCBuildConfiguration section */
		A500748328B7BEE900EAB3A8 /* Debug */ = {
			isa = XCBuildConfiguration;
			buildSettings = {
				ALWAYS_SEARCH_USER_PATHS = NO;
				CLANG_ANALYZER_NONNULL = YES;
				CLANG_ANALYZER_NUMBER_OBJECT_CONVERSION = YES_AGGRESSIVE;
				CLANG_CXX_LANGUAGE_STANDARD = "gnu++20";
				CLANG_ENABLE_MODULES = YES;
				CLANG_ENABLE_OBJC_ARC = YES;
				CLANG_ENABLE_OBJC_WEAK = YES;
				CLANG_WARN_BLOCK_CAPTURE_AUTORELEASING = YES;
				CLANG_WARN_BOOL_CONVERSION = YES;
				CLANG_WARN_COMMA = YES;
				CLANG_WARN_CONSTANT_CONVERSION = YES;
				CLANG_WARN_DEPRECATED_OBJC_IMPLEMENTATIONS = YES;
				CLANG_WARN_DIRECT_OBJC_ISA_USAGE = YES_ERROR;
				CLANG_WARN_DOCUMENTATION_COMMENTS = YES;
				CLANG_WARN_EMPTY_BODY = YES;
				CLANG_WARN_ENUM_CONVERSION = YES;
				CLANG_WARN_INFINITE_RECURSION = YES;
				CLANG_WARN_INT_CONVERSION = YES;
				CLANG_WARN_NON_LITERAL_NULL_CONVERSION = YES;
				CLANG_WARN_OBJC_IMPLICIT_RETAIN_SELF = YES;
				CLANG_WARN_OBJC_LITERAL_CONVERSION = YES;
				CLANG_WARN_OBJC_ROOT_CLASS = YES_ERROR;
				CLANG_WARN_QUOTED_INCLUDE_IN_FRAMEWORK_HEADER = YES;
				CLANG_WARN_RANGE_LOOP_ANALYSIS = YES;
				CLANG_WARN_STRICT_PROTOTYPES = YES;
				CLANG_WARN_SUSPICIOUS_MOVE = YES;
				CLANG_WARN_UNGUARDED_AVAILABILITY = YES_AGGRESSIVE;
				CLANG_WARN_UNREACHABLE_CODE = YES;
				CLANG_WARN__DUPLICATE_METHOD_MATCH = YES;
				COPY_PHASE_STRIP = NO;
				DEBUG_INFORMATION_FORMAT = dwarf;
				ENABLE_STRICT_OBJC_MSGSEND = YES;
				ENABLE_TESTABILITY = YES;
				GCC_C_LANGUAGE_STANDARD = gnu11;
				GCC_DYNAMIC_NO_PIC = NO;
				GCC_NO_COMMON_BLOCKS = YES;
				GCC_OPTIMIZATION_LEVEL = 0;
				GCC_PREPROCESSOR_DEFINITIONS = (
					"DEBUG=1",
					"$(inherited)",
				);
				GCC_WARN_64_TO_32_BIT_CONVERSION = YES;
				GCC_WARN_ABOUT_RETURN_TYPE = YES_ERROR;
				GCC_WARN_UNDECLARED_SELECTOR = YES;
				GCC_WARN_UNINITIALIZED_AUTOS = YES_AGGRESSIVE;
				GCC_WARN_UNUSED_FUNCTION = YES;
				GCC_WARN_UNUSED_VARIABLE = YES;
				IPHONEOS_DEPLOYMENT_TARGET = 16.0;
				MTL_ENABLE_DEBUG_INFO = INCLUDE_SOURCE;
				MTL_FAST_MATH = YES;
				ONLY_ACTIVE_ARCH = YES;
				SDKROOT = iphoneos;
				SWIFT_ACTIVE_COMPILATION_CONDITIONS = DEBUG;
				SWIFT_OPTIMIZATION_LEVEL = "-Onone";
			};
			name = Debug;
		};
		A500748428B7BEE900EAB3A8 /* Release */ = {
			isa = XCBuildConfiguration;
			buildSettings = {
				ALWAYS_SEARCH_USER_PATHS = NO;
				CLANG_ANALYZER_NONNULL = YES;
				CLANG_ANALYZER_NUMBER_OBJECT_CONVERSION = YES_AGGRESSIVE;
				CLANG_CXX_LANGUAGE_STANDARD = "gnu++20";
				CLANG_ENABLE_MODULES = YES;
				CLANG_ENABLE_OBJC_ARC = YES;
				CLANG_ENABLE_OBJC_WEAK = YES;
				CLANG_WARN_BLOCK_CAPTURE_AUTORELEASING = YES;
				CLANG_WARN_BOOL_CONVERSION = YES;
				CLANG_WARN_COMMA = YES;
				CLANG_WARN_CONSTANT_CONVERSION = YES;
				CLANG_WARN_DEPRECATED_OBJC_IMPLEMENTATIONS = YES;
				CLANG_WARN_DIRECT_OBJC_ISA_USAGE = YES_ERROR;
				CLANG_WARN_DOCUMENTATION_COMMENTS = YES;
				CLANG_WARN_EMPTY_BODY = YES;
				CLANG_WARN_ENUM_CONVERSION = YES;
				CLANG_WARN_INFINITE_RECURSION = YES;
				CLANG_WARN_INT_CONVERSION = YES;
				CLANG_WARN_NON_LITERAL_NULL_CONVERSION = YES;
				CLANG_WARN_OBJC_IMPLICIT_RETAIN_SELF = YES;
				CLANG_WARN_OBJC_LITERAL_CONVERSION = YES;
				CLANG_WARN_OBJC_ROOT_CLASS = YES_ERROR;
				CLANG_WARN_QUOTED_INCLUDE_IN_FRAMEWORK_HEADER = YES;
				CLANG_WARN_RANGE_LOOP_ANALYSIS = YES;
				CLANG_WARN_STRICT_PROTOTYPES = YES;
				CLANG_WARN_SUSPICIOUS_MOVE = YES;
				CLANG_WARN_UNGUARDED_AVAILABILITY = YES_AGGRESSIVE;
				CLANG_WARN_UNREACHABLE_CODE = YES;
				CLANG_WARN__DUPLICATE_METHOD_MATCH = YES;
				COPY_PHASE_STRIP = NO;
				DEBUG_INFORMATION_FORMAT = "dwarf-with-dsym";
				ENABLE_NS_ASSERTIONS = NO;
				ENABLE_STRICT_OBJC_MSGSEND = YES;
				GCC_C_LANGUAGE_STANDARD = gnu11;
				GCC_NO_COMMON_BLOCKS = YES;
				GCC_WARN_64_TO_32_BIT_CONVERSION = YES;
				GCC_WARN_ABOUT_RETURN_TYPE = YES_ERROR;
				GCC_WARN_UNDECLARED_SELECTOR = YES;
				GCC_WARN_UNINITIALIZED_AUTOS = YES_AGGRESSIVE;
				GCC_WARN_UNUSED_FUNCTION = YES;
				GCC_WARN_UNUSED_VARIABLE = YES;
				IPHONEOS_DEPLOYMENT_TARGET = 16.0;
				MTL_ENABLE_DEBUG_INFO = NO;
				MTL_FAST_MATH = YES;
				SDKROOT = iphoneos;
				SWIFT_COMPILATION_MODE = wholemodule;
				SWIFT_OPTIMIZATION_LEVEL = "-O";
				VALIDATE_PRODUCT = YES;
			};
			name = Release;
		};
		A500748628B7BEE900EAB3A8 /* Debug */ = {
			isa = XCBuildConfiguration;
			buildSettings = {
				ASSETCATALOG_COMPILER_APPICON_NAME = AppIcon;
				ASSETCATALOG_COMPILER_GLOBAL_ACCENT_COLOR_NAME = AccentColor;
				CODE_SIGN_STYLE = Automatic;
				CURRENT_PROJECT_VERSION = 1;
				DEVELOPMENT_ASSET_PATHS = "\"TabbedInterface/Preview Content\"";
				DEVELOPMENT_TEAM = TAYYL936C4;
				ENABLE_PREVIEWS = YES;
				GENERATE_INFOPLIST_FILE = YES;
				INFOPLIST_KEY_UIApplicationSceneManifest_Generation = YES;
				INFOPLIST_KEY_UIApplicationSupportsIndirectInputEvents = YES;
				INFOPLIST_KEY_UILaunchScreen_Generation = YES;
				INFOPLIST_KEY_UISupportedInterfaceOrientations_iPad = "UIInterfaceOrientationPortrait UIInterfaceOrientationPortraitUpsideDown UIInterfaceOrientationLandscapeLeft UIInterfaceOrientationLandscapeRight";
				INFOPLIST_KEY_UISupportedInterfaceOrientations_iPhone = "UIInterfaceOrientationPortrait UIInterfaceOrientationLandscapeLeft UIInterfaceOrientationLandscapeRight";
				LD_RUNPATH_SEARCH_PATHS = (
					"$(inherited)",
					"@executable_path/Frameworks",
				);
				MARKETING_VERSION = 1.0;
				PRODUCT_BUNDLE_IDENTIFIER = mk812yPetApp.TabbedInterface;
				PRODUCT_NAME = "$(TARGET_NAME)";
				SWIFT_EMIT_LOC_STRINGS = YES;
				SWIFT_VERSION = 5.0;
				TARGETED_DEVICE_FAMILY = "1,2";
			};
			name = Debug;
		};
		A500748728B7BEE900EAB3A8 /* Release */ = {
			isa = XCBuildConfiguration;
			buildSettings = {
				ASSETCATALOG_COMPILER_APPICON_NAME = AppIcon;
				ASSETCATALOG_COMPILER_GLOBAL_ACCENT_COLOR_NAME = AccentColor;
				CODE_SIGN_STYLE = Automatic;
				CURRENT_PROJECT_VERSION = 1;
				DEVELOPMENT_ASSET_PATHS = "\"TabbedInterface/Preview Content\"";
				DEVELOPMENT_TEAM = TAYYL936C4;
				ENABLE_PREVIEWS = YES;
				GENERATE_INFOPLIST_FILE = YES;
				INFOPLIST_KEY_UIApplicationSceneManifest_Generation = YES;
				INFOPLIST_KEY_UIApplicationSupportsIndirectInputEvents = YES;
				INFOPLIST_KEY_UILaunchScreen_Generation = YES;
				INFOPLIST_KEY_UISupportedInterfaceOrientations_iPad = "UIInterfaceOrientationPortrait UIInterfaceOrientationPortraitUpsideDown UIInterfaceOrientationLandscapeLeft UIInterfaceOrientationLandscapeRight";
				INFOPLIST_KEY_UISupportedInterfaceOrientations_iPhone = "UIInterfaceOrientationPortrait UIInterfaceOrientationLandscapeLeft UIInterfaceOrientationLandscapeRight";
				LD_RUNPATH_SEARCH_PATHS = (
					"$(inherited)",
					"@executable_path/Frameworks",
				);
				MARKETING_VERSION = 1.0;
				PRODUCT_BUNDLE_IDENTIFIER = mk812yPetApp.TabbedInterface;
				PRODUCT_NAME = "$(TARGET_NAME)";
				SWIFT_EMIT_LOC_STRINGS = YES;
				SWIFT_VERSION = 5.0;
				TARGETED_DEVICE_FAMILY = "1,2";
			};
			name = Release;
		};
/* End XCBuildConfiguration section */

/* Begin XCConfigurationList section */
		A500747228B7BEE800EAB3A8 /* Build configuration list for PBXProject "TabbedInterface" */ = {
			isa = XCConfigurationList;
			buildConfigurations = (
				A500748328B7BEE900EAB3A8 /* Debug */,
				A500748428B7BEE900EAB3A8 /* Release */,
			);
			defaultConfigurationIsVisible = 0;
			defaultConfigurationName = Release;
		};
		A500748528B7BEE900EAB3A8 /* Build configuration list for PBXNativeTarget "TabbedInterface" */ = {
			isa = XCConfigurationList;
			buildConfigurations = (
				A500748628B7BEE900EAB3A8 /* Debug */,
				A500748728B7BEE900EAB3A8 /* Release */,
			);
			defaultConfigurationIsVisible = 0;
			defaultConfigurationName = Release;
		};
/* End XCConfigurationList section */
	};
	rootObject = A500746F28B7BEE800EAB3A8 /* Project object */;
}
